{
    "_readme": [
        "This file locks the dependencies of your project to a known state",
        "Read more about it at https://getcomposer.org/doc/01-basic-usage.md#installing-dependencies",
        "This file is @generated automatically"
    ],
    "content-hash": "d1d0bcefa4eefaa3ad4e58b46d937029",
    "packages": [
        {
            "name": "voryx/thruway-common",
            "version": "1.0.6",
            "source": {
                "type": "git",
                "url": "https://github.com/voryx/ThruwayCommon.git",
                "reference": "705b7ab775906d4fa5aab8d6a071fb74b8bda63d"
            },
            "dist": {
                "type": "zip",
                "url": "https://api.github.com/repos/voryx/ThruwayCommon/zipball/705b7ab775906d4fa5aab8d6a071fb74b8bda63d",
                "reference": "705b7ab775906d4fa5aab8d6a071fb74b8bda63d",
                "shasum": ""
            },
            "require": {
                "php": "^7.1 | ^8"
            },
            "replace": {
                "voryx/thruway-message": "1.*"
            },
            "require-dev": {
                "phpunit/phpunit": "^5.5.4"
            },
            "type": "library",
            "autoload": {
                "psr-4": {
                    "Thruway\\": "src"
                }
            },
            "notification-url": "https://packagist.org/downloads/",
            "license": [
                "MIT"
            ],
            "authors": [
                {
                    "name": "Matt Bonneau",
                    "email": "matt@bonneau.net",
                    "role": "Developer"
                },
                {
                    "name": "David Dan",
                    "email": "davidwdan@gmail.com",
                    "role": "Developer"
                }
            ],
            "description": "WAMP2 Common Library for Thruway",
            "keywords": [
                "WAMP",
                "WAMP2",
                "thruway",
                "wamp-proto"
            ],
            "support": {
                "issues": "https://github.com/voryx/ThruwayCommon/issues",
                "source": "https://github.com/voryx/ThruwayCommon/tree/1.0.6"
            },
            "time": "2022-02-18T06:17:34+00:00"
        }
    ],
    "packages-dev": [
        {
            "name": "openswoole/ide-helper",
            "version": "4.11.6",
            "source": {
                "type": "git",
                "url": "https://github.com/openswoole/ide-helper.git",
                "reference": "6e8831af6dd34e24456cb98272373b030bce94df"
            },
            "dist": {
                "type": "zip",
                "url": "https://api.github.com/repos/openswoole/ide-helper/zipball/6e8831af6dd34e24456cb98272373b030bce94df",
                "reference": "6e8831af6dd34e24456cb98272373b030bce94df",
                "shasum": ""
            },
            "require": {
                "php": ">=7.4"
            },
            "require-dev": {
                "friendsofphp/php-cs-fixer": "^3.3"
            },
            "type": "library",
            "notification-url": "https://packagist.org/downloads/",
            "license": [
                "Apache-2.0"
            ],
            "authors": [
                {
                    "name": "Open Swoole Group",
                    "email": "hello@openswoole.com"
                }
            ],
            "description": "IDE help files for Open Swoole.",
            "support": {
                "issues": "https://github.com/openswoole/ide-helper/issues",
                "source": "https://github.com/openswoole/ide-helper/tree/4.11.6"
            },
            "time": "2022-08-03T13:28:52+00:00"
        }
    ],
    "aliases": [],
    "minimum-stability": "stable",
    "stability-flags": [],
    "prefer-stable": false,
    "prefer-lowest": false,
    "platform": [],
    "platform-dev": [],
    "plugin-api-version": "2.3.0"
}
